
Microsoft Visual Studio Solution File, Format Version 12.00
# Visual Studio 2013
VisualStudioVersion = 12.0.21005.1
MinimumVisualStudioVersion = 10.0.40219.1
Project("{FAE04EC0-301F-11D3-BF4B-00C04F79EFBC}") = "Excel-Add-in-JS-ExternalDataGitHub", "Excel-Add-in-JS-ExternalDataGitHub\Excel-Add-in-JS-ExternalDataGitHub.csproj", "{FD5AD967-A9A8-40D6-BB41-269FC1DDC22C}"
EndProject
Project("{FAE04EC0-301F-11D3-BF4B-00C04F79EFBC}") = "Excel-Add-in-JS-ExternalDataGitHubWeb", "Excel-Add-in-JS-ExternalDataGitHubWeb\Excel-Add-in-JS-ExternalDataGitHubWeb.csproj", "{EDCFF522-BF4A-43EF-BA6A-A11FFE593A5E}"
EndProject
Global
	GlobalSection(SolutionConfigurationPlatforms) = preSolution
		Debug|Any CPU = Debug|Any CPU
		Release|Any CPU = Release|Any CPU
	EndGlobalSection
	GlobalSection(ProjectConfigurationPlatforms) = postSolution
		{FD5AD967-A9A8-40D6-BB41-269FC1DDC22C}.Debug|Any CPU.ActiveCfg = Debug|Any CPU
		{FD5AD967-A9A8-40D6-BB41-269FC1DDC22C}.Debug|Any CPU.Build.0 = Debug|Any CPU
		{FD5AD967-A9A8-40D6-BB41-269FC1DDC22C}.Debug|Any CPU.Deploy.0 = Debug|Any CPU
		{FD5AD967-A9A8-40D6-BB41-269FC1DDC22C}.Release|Any CPU.ActiveCfg = Release|Any CPU
		{FD5AD967-A9A8-40D6-BB41-269FC1DDC22C}.Release|Any CPU.Build.0 = Release|Any CPU
		{FD5AD967-A9A8-40D6-BB41-269FC1DDC22C}.Release|Any CPU.Deploy.0 = Release|Any CPU
		{EDCFF522-BF4A-43EF-BA6A-A11FFE593A5E}.Debug|Any CPU.ActiveCfg = Debug|Any CPU
		{EDCFF522-BF4A-43EF-BA6A-A11FFE593A5E}.Debug|Any CPU.Build.0 = Debug|Any CPU
		{EDCFF522-BF4A-43EF-BA6A-A11FFE593A5E}.Release|Any CPU.ActiveCfg = Release|Any CPU
		{EDCFF522-BF4A-43EF-BA6A-A11FFE593A5E}.Release|Any CPU.Build.0 = Release|Any CPU
	EndGlobalSection
	GlobalSection(SolutionProperties) = preSolution
		HideSolutionNode = FALSE
	EndGlobalSection
EndGlobal
